
Microsoft Visual Studio Solution File, Format Version 12.00
# Visual Studio Version 18
VisualStudioVersion = 18.2.11415.280
MinimumVisualStudioVersion = 10.0.40219.1
Project("{FAE04EC0-301F-11D3-BF4B-00C04F79EFBC}") = "RMC.BestFit", "src\RMC.BestFit\RMC.BestFit.csproj", "{8F9CF461-4CE3-D031-4A63-B35AEFA6F4DC}"
EndProject
Project("{FAE04EC0-301F-11D3-BF4B-00C04F79EFBC}") = "RMC.BestFit.Tests", "src\RMC.BestFit.Tests\RMC.BestFit.Tests.csproj", "{C511A356-BF7C-4503-7C07-8009962B2198}"
EndProject
Project("{FAE04EC0-301F-11D3-BF4B-00C04F79EFBC}") = "RMC.BestFit.UI", "src\RMC.BestFit.UI\RMC.BestFit.UI.csproj", "{B76A4EC2-E7D5-729B-4128-75D08442893C}"
EndProject
Project("{FAE04EC0-301F-11D3-BF4B-00C04F79EFBC}") = "RMC.BestFit.App", "src\RMC.BestFit.App\RMC.BestFit.App.csproj", "{18B1D87A-FDAF-D377-002B-D97DDE4B9CC4}"
EndProject
Project("{FAE04EC0-301F-11D3-BF4B-00C04F79EFBC}") = "RMC.BestFit.UI.Tests", "src\RMC.BestFit.UI.Tests\RMC.BestFit.UI.Tests.csproj", "{3A7F9C2D-0002-4B14-8000-000000000002}"
EndProject
Project("{FAE04EC0-301F-11D3-BF4B-00C04F79EFBC}") = "RMC.BestFit.App.Tests", "src\RMC.BestFit.App.Tests\RMC.BestFit.App.Tests.csproj", "{3A7F9C2D-0003-4B14-8000-000000000003}"
EndProject
Project("{FAE04EC0-301F-11D3-BF4B-00C04F79EFBC}") = "RMC.BestFit.Api", "src\RMC.BestFit.Api\RMC.BestFit.Api.csproj", "{3A7F9C2D-0004-4B14-8000-000000000004}"
EndProject
Project("{FAE04EC0-301F-11D3-BF4B-00C04F79EFBC}") = "RMC.BestFit.Api.Tests", "src\RMC.BestFit.Api.Tests\RMC.BestFit.Api.Tests.csproj", "{3A7F9C2D-0005-4B14-8000-000000000005}"
EndProject
Project("{2150E333-8FDC-42A3-9474-1A3956D46DE8}") = "Core", "Core", "{A1B2C3D4-1111-4000-8000-000000000001}"
EndProject
Project("{2150E333-8FDC-42A3-9474-1A3956D46DE8}") = "Tests", "Tests", "{A1B2C3D4-2222-4000-8000-000000000002}"
EndProject
Global
	GlobalSection(SolutionConfigurationPlatforms) = preSolution
		Debug|Any CPU = Debug|Any CPU
		Release|Any CPU = Release|Any CPU
	EndGlobalSection
	GlobalSection(ProjectConfigurationPlatforms) = postSolution
		{8F9CF461-4CE3-D031-4A63-B35AEFA6F4DC}.Debug|Any CPU.ActiveCfg = Debug|Any CPU
		{8F9CF461-4CE3-D031-4A63-B35AEFA6F4DC}.Debug|Any CPU.Build.0 = Debug|Any CPU
		{8F9CF461-4CE3-D031-4A63-B35AEFA6F4DC}.Release|Any CPU.ActiveCfg = Release|Any CPU
		{8F9CF461-4CE3-D031-4A63-B35AEFA6F4DC}.Release|Any CPU.Build.0 = Release|Any CPU
		{C511A356-BF7C-4503-7C07-8009962B2198}.Debug|Any CPU.ActiveCfg = Debug|Any CPU
		{C511A356-BF7C-4503-7C07-8009962B2198}.Debug|Any CPU.Build.0 = Debug|Any CPU
		{C511A356-BF7C-4503-7C07-8009962B2198}.Release|Any CPU.ActiveCfg = Release|Any CPU
		{C511A356-BF7C-4503-7C07-8009962B2198}.Release|Any CPU.Build.0 = Release|Any CPU
		{B76A4EC2-E7D5-729B-4128-75D08442893C}.Debug|Any CPU.ActiveCfg = Debug|Any CPU
		{B76A4EC2-E7D5-729B-4128-75D08442893C}.Debug|Any CPU.Build.0 = Debug|Any CPU
		{B76A4EC2-E7D5-729B-4128-75D08442893C}.Release|Any CPU.ActiveCfg = Release|Any CPU
		{B76A4EC2-E7D5-729B-4128-75D08442893C}.Release|Any CPU.Build.0 = Release|Any CPU
		{18B1D87A-FDAF-D377-002B-D97DDE4B9CC4}.Debug|Any CPU.ActiveCfg = Debug|Any CPU
		{18B1D87A-FDAF-D377-002B-D97DDE4B9CC4}.Debug|Any CPU.Build.0 = Debug|Any CPU
		{18B1D87A-FDAF-D377-002B-D97DDE4B9CC4}.Release|Any CPU.ActiveCfg = Release|Any CPU
		{18B1D87A-FDAF-D377-002B-D97DDE4B9CC4}.Release|Any CPU.Build.0 = Release|Any CPU
		{3A7F9C2D-0002-4B14-8000-000000000002}.Debug|Any CPU.ActiveCfg = Debug|Any CPU
		{3A7F9C2D-0002-4B14-8000-000000000002}.Debug|Any CPU.Build.0 = Debug|Any CPU
		{3A7F9C2D-0002-4B14-8000-000000000002}.Release|Any CPU.ActiveCfg = Release|Any CPU
		{3A7F9C2D-0002-4B14-8000-000000000002}.Release|Any CPU.Build.0 = Release|Any CPU
		{3A7F9C2D-0003-4B14-8000-000000000003}.Debug|Any CPU.ActiveCfg = Debug|Any CPU
		{3A7F9C2D-0003-4B14-8000-000000000003}.Debug|Any CPU.Build.0 = Debug|Any CPU
		{3A7F9C2D-0003-4B14-8000-000000000003}.Release|Any CPU.ActiveCfg = Release|Any CPU
		{3A7F9C2D-0003-4B14-8000-000000000003}.Release|Any CPU.Build.0 = Release|Any CPU
		{3A7F9C2D-0004-4B14-8000-000000000004}.Debug|Any CPU.ActiveCfg = Debug|Any CPU
		{3A7F9C2D-0004-4B14-8000-000000000004}.Debug|Any CPU.Build.0 = Debug|Any CPU
		{3A7F9C2D-0004-4B14-8000-000000000004}.Release|Any CPU.ActiveCfg = Release|Any CPU
		{3A7F9C2D-0004-4B14-8000-000000000004}.Release|Any CPU.Build.0 = Release|Any CPU
		{3A7F9C2D-0005-4B14-8000-000000000005}.Debug|Any CPU.ActiveCfg = Debug|Any CPU
		{3A7F9C2D-0005-4B14-8000-000000000005}.Debug|Any CPU.Build.0 = Debug|Any CPU
		{3A7F9C2D-0005-4B14-8000-000000000005}.Release|Any CPU.ActiveCfg = Release|Any CPU
		{3A7F9C2D-0005-4B14-8000-000000000005}.Release|Any CPU.Build.0 = Release|Any CPU
	EndGlobalSection
	GlobalSection(SolutionProperties) = preSolution
		HideSolutionNode = FALSE
	EndGlobalSection
	GlobalSection(NestedProjects) = preSolution
		{8F9CF461-4CE3-D031-4A63-B35AEFA6F4DC} = {A1B2C3D4-1111-4000-8000-000000000001}
		{C511A356-BF7C-4503-7C07-8009962B2198} = {A1B2C3D4-2222-4000-8000-000000000002}
		{B76A4EC2-E7D5-729B-4128-75D08442893C} = {A1B2C3D4-1111-4000-8000-000000000001}
		{18B1D87A-FDAF-D377-002B-D97DDE4B9CC4} = {A1B2C3D4-1111-4000-8000-000000000001}
		{3A7F9C2D-0001-4B14-8000-000000000001} = {A1B2C3D4-3333-4000-8000-000000000003}
		{3A7F9C2D-0002-4B14-8000-000000000002} = {A1B2C3D4-2222-4000-8000-000000000002}
		{3A7F9C2D-0003-4B14-8000-000000000003} = {A1B2C3D4-2222-4000-8000-000000000002}
		{3A7F9C2D-0004-4B14-8000-000000000004} = {A1B2C3D4-1111-4000-8000-000000000001}
		{3A7F9C2D-0005-4B14-8000-000000000005} = {A1B2C3D4-2222-4000-8000-000000000002}
	EndGlobalSection
	GlobalSection(ExtensibilityGlobals) = postSolution
		SolutionGuid = {C73D6134-2D97-4E17-A6AD-BDE4D28FDBC5}
	EndGlobalSection
EndGlobal
